// !$*UTF8*$!
{
	archiveVersion = 1;
	classes = {
	};
	objectVersion = 56;
	objects = {

/* Begin PBXBuildFile section */
		7EC7494529801665004892BE /* AppDelegate.swift in Sources */ = {isa = PBXBuildFile; fileRef = 7EC7494429801665004892BE /* AppDelegate.swift */; };
		7EC7494729801665004892BE /* SceneDelegate.swift in Sources */ = {isa = PBXBuildFile; fileRef = 7EC7494629801665004892BE /* SceneDelegate.swift */; };
		7EC7494929801665004892BE /* ViewController.swift in Sources */ = {isa = PBXBuildFile; fileRef = 7EC7494829801665004892BE /* ViewController.swift */; };
		7EC7494C29801665004892BE /* Main.storyboard in Resources */ = {isa = PBXBuildFile; fileRef = 7EC7494A29801665004892BE /* Main.storyboard */; };
		7EC7494E29801666004892BE /* Assets.xcassets in Resources */ = {isa = PBXBuildFile; fileRef = 7EC7494D29801666004892BE /* Assets.xcassets */; };
		7EC7495129801666004892BE /* LaunchScreen.storyboard in Resources */ = {isa = PBXBuildFile; fileRef = 7EC7494F29801666004892BE /* LaunchScreen.storyboard */; };
		7EC7495C29801704004892BE /* MessageDataSourceProtocol.swift in Sources */ = {isa = PBXBuildFile; fileRef = 7EC7495B29801704004892BE /* MessageDataSourceProtocol.swift */; };
		7EC7495E29801796004892BE /* MessageDataSource.swift in Sources */ = {isa = PBXBuildFile; fileRef = 7EC7495D29801796004892BE /* MessageDataSource.swift */; };
		7EC7496029801846004892BE /* MessageRepositoryProtocol.swift in Sources */ = {isa = PBXBuildFile; fileRef = 7EC7495F29801846004892BE /* MessageRepositoryProtocol.swift */; };
		7EC74962298018BC004892BE /* MessageRepository.swift in Sources */ = {isa = PBXBuildFile; fileRef = 7EC74961298018BC004892BE /* MessageRepository.swift */; };
/* End PBXBuildFile section */

/* Begin PBXFileReference section */
		7EC7494129801665004892BE /* CleanArchitectureSimple.app */ = {isa = PBXFileReference; explicitFileType = wrapper.application; includeInIndex = 0; path = CleanArchitectureSimple.app; sourceTree = BUILT_PRODUCTS_DIR; };
		7EC7494429801665004892BE /* AppDelegate.swift */ = {isa = PBXFileReference; lastKnownFileType = sourcecode.swift; path = AppDelegate.swift; sourceTree = "<group>"; };
		7EC7494629801665004892BE /* SceneDelegate.swift */ = {isa = PBXFileReference; lastKnownFileType = sourcecode.swift; path = SceneDelegate.swift; sourceTree = "<group>"; };
		7EC7494829801665004892BE /* ViewController.swift */ = {isa = PBXFileReference; lastKnownFileType = sourcecode.swift; path = ViewController.swift; sourceTree = "<group>"; };
		7EC7494B29801665004892BE /* Base */ = {isa = PBXFileReference; lastKnownFileType = file.storyboard; name = Base; path = Base.lproj/Main.storyboard; sourceTree = "<group>"; };
		7EC7494D29801666004892BE /* Assets.xcassets */ = {isa = PBXFileReference; lastKnownFileType = folder.assetcatalog; path = Assets.xcassets; sourceTree = "<group>"; };
		7EC7495029801666004892BE /* Base */ = {isa = PBXFileReference; lastKnownFileType = file.storyboard; name = Base; path = Base.lproj/LaunchScreen.storyboard; sourceTree = "<group>"; };
		7EC7495229801666004892BE /* Info.plist */ = {isa = PBXFileReference; lastKnownFileType = text.plist.xml; path = Info.plist; sourceTree = "<group>"; };
		7EC7495B29801704004892BE /* MessageDataSourceProtocol.swift */ = {isa = PBXFileReference; lastKnownFileType = sourcecode.swift; path = MessageDataSourceProtocol.swift; sourceTree = "<group>"; };
		7EC7495D29801796004892BE /* MessageDataSource.swift */ = {isa = PBXFileReference; lastKnownFileType = sourcecode.swift; path = MessageDataSource.swift; sourceTree = "<group>"; };
		7EC7495F29801846004892BE /* MessageRepositoryProtocol.swift */ = {isa = PBXFileReference; lastKnownFileType = sourcecode.swift; path = MessageRepositoryProtocol.swift; sourceTree = "<group>"; };
		7EC74961298018BC004892BE /* MessageRepository.swift */ = {isa = PBXFileReference; lastKnownFileType = sourcecode.swift; path = MessageRepository.swift; sourceTree = "<group>"; };
/* End PBXFileReference section */

/* Begin PBXFrameworksBuildPhase section */
		7EC7493E29801665004892BE /* Frameworks */ = {
			isa = PBXFrameworksBuildPhase;
			buildActionMask = 2147483647;
			files = (
			);
			runOnlyForDeploymentPostprocessing = 0;
		};
/* End PBXFrameworksBuildPhase section */

/* Begin PBXGroup section */
		7EC7493829801665004892BE = {
			isa = PBXGroup;
			children = (
				7EC7494329801665004892BE /* CleanArchitectureSimple */,
				7EC7494229801665004892BE /* Products */,
			);
			sourceTree = "<group>";
		};
		7EC7494229801665004892BE /* Products */ = {
			isa = PBXGroup;
			children = (
				7EC7494129801665004892BE /* CleanArchitectureSimple.app */,
			);
			name = Products;
			sourceTree = "<group>";
		};
		7EC7494329801665004892BE /* CleanArchitectureSimple */ = {
			isa = PBXGroup;
			children = (
				7EC7495A2980169C004892BE /* Presentation */,
				7EC7495929801692004892BE /* Domain */,
				7EC749582980168C004892BE /* Data */,
				7EC7494429801665004892BE /* AppDelegate.swift */,
				7EC7494629801665004892BE /* SceneDelegate.swift */,
				7EC7494829801665004892BE /* ViewController.swift */,
				7EC7494A29801665004892BE /* Main.storyboard */,
				7EC7494D29801666004892BE /* Assets.xcassets */,
				7EC7494F29801666004892BE /* LaunchScreen.storyboard */,
				7EC7495229801666004892BE /* Info.plist */,
			);
			path = CleanArchitectureSimple;
			sourceTree = "<group>";
		};
		7EC749582980168C004892BE /* Data */ = {
			isa = PBXGroup;
			children = (
				7EC7495B29801704004892BE /* MessageDataSourceProtocol.swift */,
				7EC7495D29801796004892BE /* MessageDataSource.swift */,
				7EC7495F29801846004892BE /* MessageRepositoryProtocol.swift */,
				7EC74961298018BC004892BE /* MessageRepository.swift */,
			);
			path = Data;
			sourceTree = "<group>";
		};
		7EC7495929801692004892BE /* Domain */ = {
			isa = PBXGroup;
			children = (
			);
			path = Domain;
			sourceTree = "<group>";
		};
		7EC7495A2980169C004892BE /* Presentation */ = {
			isa = PBXGroup;
			children = (
			);
			path = Presentation;
			sourceTree = "<group>";
		};
/* End PBXGroup section */

/* Begin PBXNativeTarget section */
		7EC7494029801665004892BE /* CleanArchitectureSimple */ = {
			isa = PBXNativeTarget;
			buildConfigurationList = 7EC7495529801666004892BE /* Build configuration list for PBXNativeTarget "CleanArchitectureSimple" */;
			buildPhases = (
				7EC7493D29801665004892BE /* Sources */,
				7EC7493E29801665004892BE /* Frameworks */,
				7EC7493F29801665004892BE /* Resources */,
			);
			buildRules = (
			);
			dependencies = (
			);
			name = CleanArchitectureSimple;
			productName = CleanArchitectureSimple;
			productReference = 7EC7494129801665004892BE /* CleanArchitectureSimple.app */;
			productType = "com.apple.product-type.application";
		};
/* End PBXNativeTarget section */

/* Begin PBXProject section */
		7EC7493929801665004892BE /* Project object */ = {
			isa = PBXProject;
			attributes = {
				BuildIndependentTargetsInParallel = 1;
				LastSwiftUpdateCheck = 1420;
				LastUpgradeCheck = 1420;
				TargetAttributes = {
					7EC7494029801665004892BE = {
						CreatedOnToolsVersion = 14.2;
					};
				};
			};
			buildConfigurationList = 7EC7493C29801665004892BE /* Build configuration list for PBXProject "CleanArchitectureSimple" */;
			compatibilityVersion = "Xcode 14.0";
			developmentRegion = en;
			hasScannedForEncodings = 0;
			knownRegions = (
				en,
				Base,
			);
			mainGroup = 7EC7493829801665004892BE;
			productRefGroup = 7EC7494229801665004892BE /* Products */;
			projectDirPath = "";
			projectRoot = "";
			targets = (
				7EC7494029801665004892BE /* CleanArchitectureSimple */,
			);
		};
/* End PBXProject section */

/* Begin PBXResourcesBuildPhase section */
		7EC7493F29801665004892BE /* Resources */ = {
			isa = PBXResourcesBuildPhase;
			buildActionMask = 2147483647;
			files = (
				7EC7495129801666004892BE /* LaunchScreen.storyboard in Resources */,
				7EC7494E29801666004892BE /* Assets.xcassets in Resources */,
				7EC7494C29801665004892BE /* Main.storyboard in Resources */,
			);
			runOnlyForDeploymentPostprocessing = 0;
		};
/* End PBXResourcesBuildPhase section */

/* Begin PBXSourcesBuildPhase section */
		7EC7493D29801665004892BE /* Sources */ = {
			isa = PBXSourcesBuildPhase;
			buildActionMask = 2147483647;
			files = (
				7EC7495C29801704004892BE /* MessageDataSourceProtocol.swift in Sources */,
				7EC7496029801846004892BE /* MessageRepositoryProtocol.swift in Sources */,
				7EC7494929801665004892BE /* ViewController.swift in Sources */,
				7EC7494529801665004892BE /* AppDelegate.swift in Sources */,
				7EC74962298018BC004892BE /* MessageRepository.swift in Sources */,
				7EC7494729801665004892BE /* SceneDelegate.swift in Sources */,
				7EC7495E29801796004892BE /* MessageDataSource.swift in Sources */,
			);
			runOnlyForDeploymentPostprocessing = 0;
		};
/* End PBXSourcesBuildPhase section */

/* Begin PBXVariantGroup section */
		7EC7494A29801665004892BE /* Main.storyboard */ = {
			isa = PBXVariantGroup;
			children = (
				7EC7494B29801665004892BE /* Base */,
			);
			name = Main.storyboard;
			sourceTree = "<group>";
		};
		7EC7494F29801666004892BE /* LaunchScreen.storyboard */ = {
			isa = PBXVariantGroup;
			children = (
				7EC7495029801666004892BE /* Base */,
			);
			name = LaunchScreen.storyboard;
			sourceTree = "<group>";
		};
/* End PBXVariantGroup section */

/* Begin XCBuildConfiguration section */
		7EC7495329801666004892BE /* Debug */ = {
			isa = XCBuildConfiguration;
			buildSettings = {
				ALWAYS_SEARCH_USER_PATHS = NO;
				CLANG_ANALYZER_NONNULL = YES;
				CLANG_ANALYZER_NUMBER_OBJECT_CONVERSION = YES_AGGRESSIVE;
				CLANG_CXX_LANGUAGE_STANDARD = "gnu++20";
				CLANG_ENABLE_MODULES = YES;
				CLANG_ENABLE_OBJC_ARC = YES;
				CLANG_ENABLE_OBJC_WEAK = YES;
				CLANG_WARN_BLOCK_CAPTURE_AUTORELEASING = YES;
				CLANG_WARN_BOOL_CONVERSION = YES;
				CLANG_WARN_COMMA = YES;
				CLANG_WARN_CONSTANT_CONVERSION = YES;
				CLANG_WARN_DEPRECATED_OBJC_IMPLEMENTATIONS = YES;
				CLANG_WARN_DIRECT_OBJC_ISA_USAGE = YES_ERROR;
				CLANG_WARN_DOCUMENTATION_COMMENTS = YES;
				CLANG_WARN_EMPTY_BODY = YES;
				CLANG_WARN_ENUM_CONVERSION = YES;
				CLANG_WARN_INFINITE_RECURSION = YES;
				CLANG_WARN_INT_CONVERSION = YES;
				CLANG_WARN_NON_LITERAL_NULL_CONVERSION = YES;
				CLANG_WARN_OBJC_IMPLICIT_RETAIN_SELF = YES;
				CLANG_WARN_OBJC_LITERAL_CONVERSION = YES;
				CLANG_WARN_OBJC_ROOT_CLASS = YES_ERROR;
				CLANG_WARN_QUOTED_INCLUDE_IN_FRAMEWORK_HEADER = YES;
				CLANG_WARN_RANGE_LOOP_ANALYSIS = YES;
				CLANG_WARN_STRICT_PROTOTYPES = YES;
				CLANG_WARN_SUSPICIOUS_MOVE = YES;
				CLANG_WARN_UNGUARDED_AVAILABILITY = YES_AGGRESSIVE;
				CLANG_WARN_UNREACHABLE_CODE = YES;
				CLANG_WARN__DUPLICATE_METHOD_MATCH = YES;
				COPY_PHASE_STRIP = NO;
				DEBUG_INFORMATION_FORMAT = dwarf;
				ENABLE_STRICT_OBJC_MSGSEND = YES;
				ENABLE_TESTABILITY = YES;
				GCC_C_LANGUAGE_STANDARD = gnu11;
				GCC_DYNAMIC_NO_PIC = NO;
				GCC_NO_COMMON_BLOCKS = YES;
				GCC_OPTIMIZATION_LEVEL = 0;
				GCC_PREPROCESSOR_DEFINITIONS = (
					"DEBUG=1",
					"$(inherited)",
				);
				GCC_WARN_64_TO_32_BIT_CONVERSION = YES;
				GCC_WARN_ABOUT_RETURN_TYPE = YES_ERROR;
				GCC_WARN_UNDECLARED_SELECTOR = YES;
				GCC_WARN_UNINITIALIZED_AUTOS = YES_AGGRESSIVE;
				GCC_WARN_UNUSED_FUNCTION = YES;
				GCC_WARN_UNUSED_VARIABLE = YES;
				IPHONEOS_DEPLOYMENT_TARGET = 16.2;
				MTL_ENABLE_DEBUG_INFO = INCLUDE_SOURCE;
				MTL_FAST_MATH = YES;
				ONLY_ACTIVE_ARCH = YES;
				SDKROOT = iphoneos;
				SWIFT_ACTIVE_COMPILATION_CONDITIONS = DEBUG;
				SWIFT_OPTIMIZATION_LEVEL = "-Onone";
			};
			name = Debug;
		};
		7EC7495429801666004892BE /* Release */ = {
			isa = XCBuildConfiguration;
			buildSettings = {
				ALWAYS_SEARCH_USER_PATHS = NO;
				CLANG_ANALYZER_NONNULL = YES;
				CLANG_ANALYZER_NUMBER_OBJECT_CONVERSION = YES_AGGRESSIVE;
				CLANG_CXX_LANGUAGE_STANDARD = "gnu++20";
				CLANG_ENABLE_MODULES = YES;
				CLANG_ENABLE_OBJC_ARC = YES;
				CLANG_ENABLE_OBJC_WEAK = YES;
				CLANG_WARN_BLOCK_CAPTURE_AUTORELEASING = YES;
				CLANG_WARN_BOOL_CONVERSION = YES;
				CLANG_WARN_COMMA = YES;
				CLANG_WARN_CONSTANT_CONVERSION = YES;
				CLANG_WARN_DEPRECATED_OBJC_IMPLEMENTATIONS = YES;
				CLANG_WARN_DIRECT_OBJC_ISA_USAGE = YES_ERROR;
				CLANG_WARN_DOCUMENTATION_COMMENTS = YES;
				CLANG_WARN_EMPTY_BODY = YES;
				CLANG_WARN_ENUM_CONVERSION = YES;
				CLANG_WARN_INFINITE_RECURSION = YES;
				CLANG_WARN_INT_CONVERSION = YES;
				CLANG_WARN_NON_LITERAL_NULL_CONVERSION = YES;
				CLANG_WARN_OBJC_IMPLICIT_RETAIN_SELF = YES;
				CLANG_WARN_OBJC_LITERAL_CONVERSION = YES;
				CLANG_WARN_OBJC_ROOT_CLASS = YES_ERROR;
				CLANG_WARN_QUOTED_INCLUDE_IN_FRAMEWORK_HEADER = YES;
				CLANG_WARN_RANGE_LOOP_ANALYSIS = YES;
				CLANG_WARN_STRICT_PROTOTYPES = YES;
				CLANG_WARN_SUSPICIOUS_MOVE = YES;
				CLANG_WARN_UNGUARDED_AVAILABILITY = YES_AGGRESSIVE;
				CLANG_WARN_UNREACHABLE_CODE = YES;
				CLANG_WARN__DUPLICATE_METHOD_MATCH = YES;
				COPY_PHASE_STRIP = NO;
				DEBUG_INFORMATION_FORMAT = "dwarf-with-dsym";
				ENABLE_NS_ASSERTIONS = NO;
				ENABLE_STRICT_OBJC_MSGSEND = YES;
				GCC_C_LANGUAGE_STANDARD = gnu11;
				GCC_NO_COMMON_BLOCKS = YES;
				GCC_WARN_64_TO_32_BIT_CONVERSION = YES;
				GCC_WARN_ABOUT_RETURN_TYPE = YES_ERROR;
				GCC_WARN_UNDECLARED_SELECTOR = YES;
				GCC_WARN_UNINITIALIZED_AUTOS = YES_AGGRESSIVE;
				GCC_WARN_UNUSED_FUNCTION = YES;
				GCC_WARN_UNUSED_VARIABLE = YES;
				IPHONEOS_DEPLOYMENT_TARGET = 16.2;
				MTL_ENABLE_DEBUG_INFO = NO;
				MTL_FAST_MATH = YES;
				SDKROOT = iphoneos;
				SWIFT_COMPILATION_MODE = wholemodule;
				SWIFT_OPTIMIZATION_LEVEL = "-O";
				VALIDATE_PRODUCT = YES;
			};
			name = Release;
		};
		7EC7495629801666004892BE /* Debug */ = {
			isa = XCBuildConfiguration;
			buildSettings = {
				ASSETCATALOG_COMPILER_APPICON_NAME = AppIcon;
				ASSETCATALOG_COMPILER_GLOBAL_ACCENT_COLOR_NAME = AccentColor;
				CODE_SIGN_STYLE = Automatic;
				CURRENT_PROJECT_VERSION = 1;
				DEVELOPMENT_TEAM = 3F8C4P2T95;
				GENERATE_INFOPLIST_FILE = YES;
				INFOPLIST_FILE = CleanArchitectureSimple/Info.plist;
				INFOPLIST_KEY_UIApplicationSupportsIndirectInputEvents = YES;
				INFOPLIST_KEY_UILaunchStoryboardName = LaunchScreen;
				INFOPLIST_KEY_UIMainStoryboardFile = Main;
				INFOPLIST_KEY_UISupportedInterfaceOrientations_iPad = "UIInterfaceOrientationPortrait UIInterfaceOrientationPortraitUpsideDown UIInterfaceOrientationLandscapeLeft UIInterfaceOrientationLandscapeRight";
				INFOPLIST_KEY_UISupportedInterfaceOrientations_iPhone = "UIInterfaceOrientationPortrait UIInterfaceOrientationLandscapeLeft UIInterfaceOrientationLandscapeRight";
				LD_RUNPATH_SEARCH_PATHS = (
					"$(inherited)",
					"@executable_path/Frameworks",
				);
				MARKETING_VERSION = 1.0;
				PRODUCT_BUNDLE_IDENTIFIER = com.rivaldofez.CleanArchitectureSimple;
				PRODUCT_NAME = "$(TARGET_NAME)";
				SWIFT_EMIT_LOC_STRINGS = YES;
				SWIFT_VERSION = 5.0;
				TARGETED_DEVICE_FAMILY = "1,2";
			};
			name = Debug;
		};
		7EC7495729801666004892BE /* Release */ = {
			isa = XCBuildConfiguration;
			buildSettings = {
				ASSETCATALOG_COMPILER_APPICON_NAME = AppIcon;
				ASSETCATALOG_COMPILER_GLOBAL_ACCENT_COLOR_NAME = AccentColor;
				CODE_SIGN_STYLE = Automatic;
				CURRENT_PROJECT_VERSION = 1;
				DEVELOPMENT_TEAM = 3F8C4P2T95;
				GENERATE_INFOPLIST_FILE = YES;
				INFOPLIST_FILE = CleanArchitectureSimple/Info.plist;
				INFOPLIST_KEY_UIApplicationSupportsIndirectInputEvents = YES;
				INFOPLIST_KEY_UILaunchStoryboardName = LaunchScreen;
				INFOPLIST_KEY_UIMainStoryboardFile = Main;
				INFOPLIST_KEY_UISupportedInterfaceOrientations_iPad = "UIInterfaceOrientationPortrait UIInterfaceOrientationPortraitUpsideDown UIInterfaceOrientationLandscapeLeft UIInterfaceOrientationLandscapeRight";
				INFOPLIST_KEY_UISupportedInterfaceOrientations_iPhone = "UIInterfaceOrientationPortrait UIInterfaceOrientationLandscapeLeft UIInterfaceOrientationLandscapeRight";
				LD_RUNPATH_SEARCH_PATHS = (
					"$(inherited)",
					"@executable_path/Frameworks",
				);
				MARKETING_VERSION = 1.0;
				PRODUCT_BUNDLE_IDENTIFIER = com.rivaldofez.CleanArchitectureSimple;
				PRODUCT_NAME = "$(TARGET_NAME)";
				SWIFT_EMIT_LOC_STRINGS = YES;
				SWIFT_VERSION = 5.0;
				TARGETED_DEVICE_FAMILY = "1,2";
			};
			name = Release;
		};
/* End XCBuildConfiguration section */

/* Begin XCConfigurationList section */
		7EC7493C29801665004892BE /* Build configuration list for PBXProject "CleanArchitectureSimple" */ = {
			isa = XCConfigurationList;
			buildConfigurations = (
				7EC7495329801666004892BE /* Debug */,
				7EC7495429801666004892BE /* Release */,
			);
			defaultConfigurationIsVisible = 0;
			defaultConfigurationName = Release;
		};
		7EC7495529801666004892BE /* Build configuration list for PBXNativeTarget "CleanArchitectureSimple" */ = {
			isa = XCConfigurationList;
			buildConfigurations = (
				7EC7495629801666004892BE /* Debug */,
				7EC7495729801666004892BE /* Release */,
			);
			defaultConfigurationIsVisible = 0;
			defaultConfigurationName = Release;
		};
/* End XCConfigurationList section */
	};
	rootObject = 7EC7493929801665004892BE /* Project object */;
}
