// !$*UTF8*$!
{
	archiveVersion = 1;
	classes = {
	};
	objectVersion = 56;
	objects = {

/* Begin PBXBuildFile section */
		7EDBB4D82971A1250092C24F /* AppDelegate.swift in Sources */ = {isa = PBXBuildFile; fileRef = 7EDBB4D72971A1250092C24F /* AppDelegate.swift */; };
		7EDBB4DA2971A1250092C24F /* SceneDelegate.swift in Sources */ = {isa = PBXBuildFile; fileRef = 7EDBB4D92971A1250092C24F /* SceneDelegate.swift */; };
		7EDBB4DC2971A1250092C24F /* ViewController.swift in Sources */ = {isa = PBXBuildFile; fileRef = 7EDBB4DB2971A1250092C24F /* ViewController.swift */; };
		7EDBB4DF2971A1250092C24F /* Main.storyboard in Resources */ = {isa = PBXBuildFile; fileRef = 7EDBB4DD2971A1250092C24F /* Main.storyboard */; };
		7EDBB4E12971A1260092C24F /* Assets.xcassets in Resources */ = {isa = PBXBuildFile; fileRef = 7EDBB4E02971A1260092C24F /* Assets.xcassets */; };
		7EDBB4E42971A1260092C24F /* LaunchScreen.storyboard in Resources */ = {isa = PBXBuildFile; fileRef = 7EDBB4E22971A1260092C24F /* LaunchScreen.storyboard */; };
		7EDBB51B2971A4590092C24F /* TestingExerciseTests.swift in Sources */ = {isa = PBXBuildFile; fileRef = 7EDBB51A2971A4590092C24F /* TestingExerciseTests.swift */; };
/* End PBXBuildFile section */

/* Begin PBXContainerItemProxy section */
		7EDBB51C2971A4590092C24F /* PBXContainerItemProxy */ = {
			isa = PBXContainerItemProxy;
			containerPortal = 7EDBB4CC2971A1250092C24F /* Project object */;
			proxyType = 1;
			remoteGlobalIDString = 7EDBB4D32971A1250092C24F;
			remoteInfo = TestingExercise;
		};
/* End PBXContainerItemProxy section */

/* Begin PBXFileReference section */
		7EDBB4D42971A1250092C24F /* TestingExercise.app */ = {isa = PBXFileReference; explicitFileType = wrapper.application; includeInIndex = 0; path = TestingExercise.app; sourceTree = BUILT_PRODUCTS_DIR; };
		7EDBB4D72971A1250092C24F /* AppDelegate.swift */ = {isa = PBXFileReference; lastKnownFileType = sourcecode.swift; path = AppDelegate.swift; sourceTree = "<group>"; };
		7EDBB4D92971A1250092C24F /* SceneDelegate.swift */ = {isa = PBXFileReference; lastKnownFileType = sourcecode.swift; path = SceneDelegate.swift; sourceTree = "<group>"; };
		7EDBB4DB2971A1250092C24F /* ViewController.swift */ = {isa = PBXFileReference; lastKnownFileType = sourcecode.swift; path = ViewController.swift; sourceTree = "<group>"; };
		7EDBB4DE2971A1250092C24F /* Base */ = {isa = PBXFileReference; lastKnownFileType = file.storyboard; name = Base; path = Base.lproj/Main.storyboard; sourceTree = "<group>"; };
		7EDBB4E02971A1260092C24F /* Assets.xcassets */ = {isa = PBXFileReference; lastKnownFileType = folder.assetcatalog; path = Assets.xcassets; sourceTree = "<group>"; };
		7EDBB4E32971A1260092C24F /* Base */ = {isa = PBXFileReference; lastKnownFileType = file.storyboard; name = Base; path = Base.lproj/LaunchScreen.storyboard; sourceTree = "<group>"; };
		7EDBB4E52971A1260092C24F /* Info.plist */ = {isa = PBXFileReference; lastKnownFileType = text.plist.xml; path = Info.plist; sourceTree = "<group>"; };
		7EDBB5182971A4590092C24F /* TestingExerciseTests.xctest */ = {isa = PBXFileReference; explicitFileType = wrapper.cfbundle; includeInIndex = 0; path = TestingExerciseTests.xctest; sourceTree = BUILT_PRODUCTS_DIR; };
		7EDBB51A2971A4590092C24F /* TestingExerciseTests.swift */ = {isa = PBXFileReference; lastKnownFileType = sourcecode.swift; path = TestingExerciseTests.swift; sourceTree = "<group>"; };
/* End PBXFileReference section */

/* Begin PBXFrameworksBuildPhase section */
		7EDBB4D12971A1250092C24F /* Frameworks */ = {
			isa = PBXFrameworksBuildPhase;
			buildActionMask = 2147483647;
			files = (
			);
			runOnlyForDeploymentPostprocessing = 0;
		};
		7EDBB5152971A4590092C24F /* Frameworks */ = {
			isa = PBXFrameworksBuildPhase;
			buildActionMask = 2147483647;
			files = (
			);
			runOnlyForDeploymentPostprocessing = 0;
		};
/* End PBXFrameworksBuildPhase section */

/* Begin PBXGroup section */
		7EDBB4CB2971A1250092C24F = {
			isa = PBXGroup;
			children = (
				7EDBB4D62971A1250092C24F /* TestingExercise */,
				7EDBB5192971A4590092C24F /* TestingExerciseTests */,
				7EDBB4D52971A1250092C24F /* Products */,
			);
			sourceTree = "<group>";
		};
		7EDBB4D52971A1250092C24F /* Products */ = {
			isa = PBXGroup;
			children = (
				7EDBB4D42971A1250092C24F /* TestingExercise.app */,
				7EDBB5182971A4590092C24F /* TestingExerciseTests.xctest */,
			);
			name = Products;
			sourceTree = "<group>";
		};
		7EDBB4D62971A1250092C24F /* TestingExercise */ = {
			isa = PBXGroup;
			children = (
				7EDBB4D72971A1250092C24F /* AppDelegate.swift */,
				7EDBB4D92971A1250092C24F /* SceneDelegate.swift */,
				7EDBB4DB2971A1250092C24F /* ViewController.swift */,
				7EDBB4DD2971A1250092C24F /* Main.storyboard */,
				7EDBB4E02971A1260092C24F /* Assets.xcassets */,
				7EDBB4E22971A1260092C24F /* LaunchScreen.storyboard */,
				7EDBB4E52971A1260092C24F /* Info.plist */,
			);
			path = TestingExercise;
			sourceTree = "<group>";
		};
		7EDBB5192971A4590092C24F /* TestingExerciseTests */ = {
			isa = PBXGroup;
			children = (
				7EDBB51A2971A4590092C24F /* TestingExerciseTests.swift */,
			);
			path = TestingExerciseTests;
			sourceTree = "<group>";
		};
/* End PBXGroup section */

/* Begin PBXNativeTarget section */
		7EDBB4D32971A1250092C24F /* TestingExercise */ = {
			isa = PBXNativeTarget;
			buildConfigurationList = 7EDBB4FE2971A1260092C24F /* Build configuration list for PBXNativeTarget "TestingExercise" */;
			buildPhases = (
				7EDBB4D02971A1250092C24F /* Sources */,
				7EDBB4D12971A1250092C24F /* Frameworks */,
				7EDBB4D22971A1250092C24F /* Resources */,
			);
			buildRules = (
			);
			dependencies = (
			);
			name = TestingExercise;
			productName = TestingExercise;
			productReference = 7EDBB4D42971A1250092C24F /* TestingExercise.app */;
			productType = "com.apple.product-type.application";
		};
		7EDBB5172971A4590092C24F /* TestingExerciseTests */ = {
			isa = PBXNativeTarget;
			buildConfigurationList = 7EDBB51E2971A4590092C24F /* Build configuration list for PBXNativeTarget "TestingExerciseTests" */;
			buildPhases = (
				7EDBB5142971A4590092C24F /* Sources */,
				7EDBB5152971A4590092C24F /* Frameworks */,
				7EDBB5162971A4590092C24F /* Resources */,
			);
			buildRules = (
			);
			dependencies = (
				7EDBB51D2971A4590092C24F /* PBXTargetDependency */,
			);
			name = TestingExerciseTests;
			productName = TestingExerciseTests;
			productReference = 7EDBB5182971A4590092C24F /* TestingExerciseTests.xctest */;
			productType = "com.apple.product-type.bundle.unit-test";
		};
/* End PBXNativeTarget section */

/* Begin PBXProject section */
		7EDBB4CC2971A1250092C24F /* Project object */ = {
			isa = PBXProject;
			attributes = {
				BuildIndependentTargetsInParallel = 1;
				LastSwiftUpdateCheck = 1420;
				LastUpgradeCheck = 1420;
				TargetAttributes = {
					7EDBB4D32971A1250092C24F = {
						CreatedOnToolsVersion = 14.2;
					};
					7EDBB5172971A4590092C24F = {
						CreatedOnToolsVersion = 14.2;
						TestTargetID = 7EDBB4D32971A1250092C24F;
					};
				};
			};
			buildConfigurationList = 7EDBB4CF2971A1250092C24F /* Build configuration list for PBXProject "TestingExercise" */;
			compatibilityVersion = "Xcode 14.0";
			developmentRegion = en;
			hasScannedForEncodings = 0;
			knownRegions = (
				en,
				Base,
			);
			mainGroup = 7EDBB4CB2971A1250092C24F;
			productRefGroup = 7EDBB4D52971A1250092C24F /* Products */;
			projectDirPath = "";
			projectRoot = "";
			targets = (
				7EDBB4D32971A1250092C24F /* TestingExercise */,
				7EDBB5172971A4590092C24F /* TestingExerciseTests */,
			);
		};
/* End PBXProject section */

/* Begin PBXResourcesBuildPhase section */
		7EDBB4D22971A1250092C24F /* Resources */ = {
			isa = PBXResourcesBuildPhase;
			buildActionMask = 2147483647;
			files = (
				7EDBB4E42971A1260092C24F /* LaunchScreen.storyboard in Resources */,
				7EDBB4E12971A1260092C24F /* Assets.xcassets in Resources */,
				7EDBB4DF2971A1250092C24F /* Main.storyboard in Resources */,
			);
			runOnlyForDeploymentPostprocessing = 0;
		};
		7EDBB5162971A4590092C24F /* Resources */ = {
			isa = PBXResourcesBuildPhase;
			buildActionMask = 2147483647;
			files = (
			);
			runOnlyForDeploymentPostprocessing = 0;
		};
/* End PBXResourcesBuildPhase section */

/* Begin PBXSourcesBuildPhase section */
		7EDBB4D02971A1250092C24F /* Sources */ = {
			isa = PBXSourcesBuildPhase;
			buildActionMask = 2147483647;
			files = (
				7EDBB4DC2971A1250092C24F /* ViewController.swift in Sources */,
				7EDBB4D82971A1250092C24F /* AppDelegate.swift in Sources */,
				7EDBB4DA2971A1250092C24F /* SceneDelegate.swift in Sources */,
			);
			runOnlyForDeploymentPostprocessing = 0;
		};
		7EDBB5142971A4590092C24F /* Sources */ = {
			isa = PBXSourcesBuildPhase;
			buildActionMask = 2147483647;
			files = (
				7EDBB51B2971A4590092C24F /* TestingExerciseTests.swift in Sources */,
			);
			runOnlyForDeploymentPostprocessing = 0;
		};
/* End PBXSourcesBuildPhase section */

/* Begin PBXTargetDependency section */
		7EDBB51D2971A4590092C24F /* PBXTargetDependency */ = {
			isa = PBXTargetDependency;
			target = 7EDBB4D32971A1250092C24F /* TestingExercise */;
			targetProxy = 7EDBB51C2971A4590092C24F /* PBXContainerItemProxy */;
		};
/* End PBXTargetDependency section */

/* Begin PBXVariantGroup section */
		7EDBB4DD2971A1250092C24F /* Main.storyboard */ = {
			isa = PBXVariantGroup;
			children = (
				7EDBB4DE2971A1250092C24F /* Base */,
			);
			name = Main.storyboard;
			sourceTree = "<group>";
		};
		7EDBB4E22971A1260092C24F /* LaunchScreen.storyboard */ = {
			isa = PBXVariantGroup;
			children = (
				7EDBB4E32971A1260092C24F /* Base */,
			);
			name = LaunchScreen.storyboard;
			sourceTree = "<group>";
		};
/* End PBXVariantGroup section */

/* Begin XCBuildConfiguration section */
		7EDBB4FC2971A1260092C24F /* Debug */ = {
			isa = XCBuildConfiguration;
			buildSettings = {
				ALWAYS_SEARCH_USER_PATHS = NO;
				CLANG_ANALYZER_NONNULL = YES;
				CLANG_ANALYZER_NUMBER_OBJECT_CONVERSION = YES_AGGRESSIVE;
				CLANG_CXX_LANGUAGE_STANDARD = "gnu++20";
				CLANG_ENABLE_MODULES = YES;
				CLANG_ENABLE_OBJC_ARC = YES;
				CLANG_ENABLE_OBJC_WEAK = YES;
				CLANG_WARN_BLOCK_CAPTURE_AUTORELEASING = YES;
				CLANG_WARN_BOOL_CONVERSION = YES;
				CLANG_WARN_COMMA = YES;
				CLANG_WARN_CONSTANT_CONVERSION = YES;
				CLANG_WARN_DEPRECATED_OBJC_IMPLEMENTATIONS = YES;
				CLANG_WARN_DIRECT_OBJC_ISA_USAGE = YES_ERROR;
				CLANG_WARN_DOCUMENTATION_COMMENTS = YES;
				CLANG_WARN_EMPTY_BODY = YES;
				CLANG_WARN_ENUM_CONVERSION = YES;
				CLANG_WARN_INFINITE_RECURSION = YES;
				CLANG_WARN_INT_CONVERSION = YES;
				CLANG_WARN_NON_LITERAL_NULL_CONVERSION = YES;
				CLANG_WARN_OBJC_IMPLICIT_RETAIN_SELF = YES;
				CLANG_WARN_OBJC_LITERAL_CONVERSION = YES;
				CLANG_WARN_OBJC_ROOT_CLASS = YES_ERROR;
				CLANG_WARN_QUOTED_INCLUDE_IN_FRAMEWORK_HEADER = YES;
				CLANG_WARN_RANGE_LOOP_ANALYSIS = YES;
				CLANG_WARN_STRICT_PROTOTYPES = YES;
				CLANG_WARN_SUSPICIOUS_MOVE = YES;
				CLANG_WARN_UNGUARDED_AVAILABILITY = YES_AGGRESSIVE;
				CLANG_WARN_UNREACHABLE_CODE = YES;
				CLANG_WARN__DUPLICATE_METHOD_MATCH = YES;
				COPY_PHASE_STRIP = NO;
				DEBUG_INFORMATION_FORMAT = dwarf;
				ENABLE_STRICT_OBJC_MSGSEND = YES;
				ENABLE_TESTABILITY = YES;
				GCC_C_LANGUAGE_STANDARD = gnu11;
				GCC_DYNAMIC_NO_PIC = NO;
				GCC_NO_COMMON_BLOCKS = YES;
				GCC_OPTIMIZATION_LEVEL = 0;
				GCC_PREPROCESSOR_DEFINITIONS = (
					"DEBUG=1",
					"$(inherited)",
				);
				GCC_WARN_64_TO_32_BIT_CONVERSION = YES;
				GCC_WARN_ABOUT_RETURN_TYPE = YES_ERROR;
				GCC_WARN_UNDECLARED_SELECTOR = YES;
				GCC_WARN_UNINITIALIZED_AUTOS = YES_AGGRESSIVE;
				GCC_WARN_UNUSED_FUNCTION = YES;
				GCC_WARN_UNUSED_VARIABLE = YES;
				IPHONEOS_DEPLOYMENT_TARGET = 16.2;
				MTL_ENABLE_DEBUG_INFO = INCLUDE_SOURCE;
				MTL_FAST_MATH = YES;
				ONLY_ACTIVE_ARCH = YES;
				SDKROOT = iphoneos;
				SWIFT_ACTIVE_COMPILATION_CONDITIONS = DEBUG;
				SWIFT_OPTIMIZATION_LEVEL = "-Onone";
			};
			name = Debug;
		};
		7EDBB4FD2971A1260092C24F /* Release */ = {
			isa = XCBuildConfiguration;
			buildSettings = {
				ALWAYS_SEARCH_USER_PATHS = NO;
				CLANG_ANALYZER_NONNULL = YES;
				CLANG_ANALYZER_NUMBER_OBJECT_CONVERSION = YES_AGGRESSIVE;
				CLANG_CXX_LANGUAGE_STANDARD = "gnu++20";
				CLANG_ENABLE_MODULES = YES;
				CLANG_ENABLE_OBJC_ARC = YES;
				CLANG_ENABLE_OBJC_WEAK = YES;
				CLANG_WARN_BLOCK_CAPTURE_AUTORELEASING = YES;
				CLANG_WARN_BOOL_CONVERSION = YES;
				CLANG_WARN_COMMA = YES;
				CLANG_WARN_CONSTANT_CONVERSION = YES;
				CLANG_WARN_DEPRECATED_OBJC_IMPLEMENTATIONS = YES;
				CLANG_WARN_DIRECT_OBJC_ISA_USAGE = YES_ERROR;
				CLANG_WARN_DOCUMENTATION_COMMENTS = YES;
				CLANG_WARN_EMPTY_BODY = YES;
				CLANG_WARN_ENUM_CONVERSION = YES;
				CLANG_WARN_INFINITE_RECURSION = YES;
				CLANG_WARN_INT_CONVERSION = YES;
				CLANG_WARN_NON_LITERAL_NULL_CONVERSION = YES;
				CLANG_WARN_OBJC_IMPLICIT_RETAIN_SELF = YES;
				CLANG_WARN_OBJC_LITERAL_CONVERSION = YES;
				CLANG_WARN_OBJC_ROOT_CLASS = YES_ERROR;
				CLANG_WARN_QUOTED_INCLUDE_IN_FRAMEWORK_HEADER = YES;
				CLANG_WARN_RANGE_LOOP_ANALYSIS = YES;
				CLANG_WARN_STRICT_PROTOTYPES = YES;
				CLANG_WARN_SUSPICIOUS_MOVE = YES;
				CLANG_WARN_UNGUARDED_AVAILABILITY = YES_AGGRESSIVE;
				CLANG_WARN_UNREACHABLE_CODE = YES;
				CLANG_WARN__DUPLICATE_METHOD_MATCH = YES;
				COPY_PHASE_STRIP = NO;
				DEBUG_INFORMATION_FORMAT = "dwarf-with-dsym";
				ENABLE_NS_ASSERTIONS = NO;
				ENABLE_STRICT_OBJC_MSGSEND = YES;
				GCC_C_LANGUAGE_STANDARD = gnu11;
				GCC_NO_COMMON_BLOCKS = YES;
				GCC_WARN_64_TO_32_BIT_CONVERSION = YES;
				GCC_WARN_ABOUT_RETURN_TYPE = YES_ERROR;
				GCC_WARN_UNDECLARED_SELECTOR = YES;
				GCC_WARN_UNINITIALIZED_AUTOS = YES_AGGRESSIVE;
				GCC_WARN_UNUSED_FUNCTION = YES;
				GCC_WARN_UNUSED_VARIABLE = YES;
				IPHONEOS_DEPLOYMENT_TARGET = 16.2;
				MTL_ENABLE_DEBUG_INFO = NO;
				MTL_FAST_MATH = YES;
				SDKROOT = iphoneos;
				SWIFT_COMPILATION_MODE = wholemodule;
				SWIFT_OPTIMIZATION_LEVEL = "-O";
				VALIDATE_PRODUCT = YES;
			};
			name = Release;
		};
		7EDBB4FF2971A1260092C24F /* Debug */ = {
			isa = XCBuildConfiguration;
			buildSettings = {
				ASSETCATALOG_COMPILER_APPICON_NAME = AppIcon;
				ASSETCATALOG_COMPILER_GLOBAL_ACCENT_COLOR_NAME = AccentColor;
				CODE_SIGN_STYLE = Automatic;
				CURRENT_PROJECT_VERSION = 1;
				DEVELOPMENT_TEAM = 3F8C4P2T95;
				GENERATE_INFOPLIST_FILE = YES;
				INFOPLIST_FILE = TestingExercise/Info.plist;
				INFOPLIST_KEY_UIApplicationSupportsIndirectInputEvents = YES;
				INFOPLIST_KEY_UILaunchStoryboardName = LaunchScreen;
				INFOPLIST_KEY_UIMainStoryboardFile = Main;
				INFOPLIST_KEY_UISupportedInterfaceOrientations_iPad = "UIInterfaceOrientationPortrait UIInterfaceOrientationPortraitUpsideDown UIInterfaceOrientationLandscapeLeft UIInterfaceOrientationLandscapeRight";
				INFOPLIST_KEY_UISupportedInterfaceOrientations_iPhone = "UIInterfaceOrientationPortrait UIInterfaceOrientationLandscapeLeft UIInterfaceOrientationLandscapeRight";
				LD_RUNPATH_SEARCH_PATHS = (
					"$(inherited)",
					"@executable_path/Frameworks",
				);
				MARKETING_VERSION = 1.0;
				PRODUCT_BUNDLE_IDENTIFIER = com.rivaldofez.TestingExercise;
				PRODUCT_NAME = "$(TARGET_NAME)";
				SWIFT_EMIT_LOC_STRINGS = YES;
				SWIFT_VERSION = 5.0;
				TARGETED_DEVICE_FAMILY = "1,2";
			};
			name = Debug;
		};
		7EDBB5002971A1260092C24F /* Release */ = {
			isa = XCBuildConfiguration;
			buildSettings = {
				ASSETCATALOG_COMPILER_APPICON_NAME = AppIcon;
				ASSETCATALOG_COMPILER_GLOBAL_ACCENT_COLOR_NAME = AccentColor;
				CODE_SIGN_STYLE = Automatic;
				CURRENT_PROJECT_VERSION = 1;
				DEVELOPMENT_TEAM = 3F8C4P2T95;
				GENERATE_INFOPLIST_FILE = YES;
				INFOPLIST_FILE = TestingExercise/Info.plist;
				INFOPLIST_KEY_UIApplicationSupportsIndirectInputEvents = YES;
				INFOPLIST_KEY_UILaunchStoryboardName = LaunchScreen;
				INFOPLIST_KEY_UIMainStoryboardFile = Main;
				INFOPLIST_KEY_UISupportedInterfaceOrientations_iPad = "UIInterfaceOrientationPortrait UIInterfaceOrientationPortraitUpsideDown UIInterfaceOrientationLandscapeLeft UIInterfaceOrientationLandscapeRight";
				INFOPLIST_KEY_UISupportedInterfaceOrientations_iPhone = "UIInterfaceOrientationPortrait UIInterfaceOrientationLandscapeLeft UIInterfaceOrientationLandscapeRight";
				LD_RUNPATH_SEARCH_PATHS = (
					"$(inherited)",
					"@executable_path/Frameworks",
				);
				MARKETING_VERSION = 1.0;
				PRODUCT_BUNDLE_IDENTIFIER = com.rivaldofez.TestingExercise;
				PRODUCT_NAME = "$(TARGET_NAME)";
				SWIFT_EMIT_LOC_STRINGS = YES;
				SWIFT_VERSION = 5.0;
				TARGETED_DEVICE_FAMILY = "1,2";
			};
			name = Release;
		};
		7EDBB51F2971A4590092C24F /* Debug */ = {
			isa = XCBuildConfiguration;
			buildSettings = {
				BUNDLE_LOADER = "$(TEST_HOST)";
				CODE_SIGN_STYLE = Automatic;
				CURRENT_PROJECT_VERSION = 1;
				DEVELOPMENT_TEAM = 3F8C4P2T95;
				GENERATE_INFOPLIST_FILE = YES;
				MARKETING_VERSION = 1.0;
				PRODUCT_BUNDLE_IDENTIFIER = com.rivaldofez.TestingExerciseTests;
				PRODUCT_NAME = "$(TARGET_NAME)";
				SWIFT_EMIT_LOC_STRINGS = NO;
				SWIFT_VERSION = 5.0;
				TARGETED_DEVICE_FAMILY = "1,2";
				TEST_HOST = "$(BUILT_PRODUCTS_DIR)/TestingExercise.app/$(BUNDLE_EXECUTABLE_FOLDER_PATH)/TestingExercise";
			};
			name = Debug;
		};
		7EDBB5202971A4590092C24F /* Release */ = {
			isa = XCBuildConfiguration;
			buildSettings = {
				BUNDLE_LOADER = "$(TEST_HOST)";
				CODE_SIGN_STYLE = Automatic;
				CURRENT_PROJECT_VERSION = 1;
				DEVELOPMENT_TEAM = 3F8C4P2T95;
				GENERATE_INFOPLIST_FILE = YES;
				MARKETING_VERSION = 1.0;
				PRODUCT_BUNDLE_IDENTIFIER = com.rivaldofez.TestingExerciseTests;
				PRODUCT_NAME = "$(TARGET_NAME)";
				SWIFT_EMIT_LOC_STRINGS = NO;
				SWIFT_VERSION = 5.0;
				TARGETED_DEVICE_FAMILY = "1,2";
				TEST_HOST = "$(BUILT_PRODUCTS_DIR)/TestingExercise.app/$(BUNDLE_EXECUTABLE_FOLDER_PATH)/TestingExercise";
			};
			name = Release;
		};
/* End XCBuildConfiguration section */

/* Begin XCConfigurationList section */
		7EDBB4CF2971A1250092C24F /* Build configuration list for PBXProject "TestingExercise" */ = {
			isa = XCConfigurationList;
			buildConfigurations = (
				7EDBB4FC2971A1260092C24F /* Debug */,
				7EDBB4FD2971A1260092C24F /* Release */,
			);
			defaultConfigurationIsVisible = 0;
			defaultConfigurationName = Release;
		};
		7EDBB4FE2971A1260092C24F /* Build configuration list for PBXNativeTarget "TestingExercise" */ = {
			isa = XCConfigurationList;
			buildConfigurations = (
				7EDBB4FF2971A1260092C24F /* Debug */,
				7EDBB5002971A1260092C24F /* Release */,
			);
			defaultConfigurationIsVisible = 0;
			defaultConfigurationName = Release;
		};
		7EDBB51E2971A4590092C24F /* Build configuration list for PBXNativeTarget "TestingExerciseTests" */ = {
			isa = XCConfigurationList;
			buildConfigurations = (
				7EDBB51F2971A4590092C24F /* Debug */,
				7EDBB5202971A4590092C24F /* Release */,
			);
			defaultConfigurationIsVisible = 0;
			defaultConfigurationName = Release;
		};
/* End XCConfigurationList section */
	};
	rootObject = 7EDBB4CC2971A1250092C24F /* Project object */;
}
